{
  "requires": true,
  "lockfileVersion": 1,
  "dependencies": {
    "@vuelidate/core": {
      "version": "2.0.0-alpha.44",
      "resolved": "https://registry.npmjs.org/@vuelidate/core/-/core-2.0.0-alpha.44.tgz",
      "integrity": "sha512-3DlCe3E0RRXbB+OfPacUetKhLmXzmnjeHkzjnbkc03p06mKm6h9pXR5pd6Mv4s4tus4sieuKDb2YWNmKK6rQeA==",
      "requires": {
        "vue-demi": "^0.13.4"
      }
    },
    "@vuelidate/validators": {
      "version": "2.0.0-alpha.31",
      "resolved": "https://registry.npmjs.org/@vuelidate/validators/-/validators-2.0.0-alpha.31.tgz",
      "integrity": "sha512-+MFA9nZ7Y9zCpq383/voPDk/hiAmu6KqiJJhLOYB/FmrUPVoyKnuKnI9Bwiq8ok9GZlVkI8BnIrKPKGj9QpwiQ==",
      "requires": {
        "vue-demi": "^0.13.4"
      }
    },
    "klona": {
      "version": "2.0.5",
      "resolved": "https://registry.npmjs.org/klona/-/klona-2.0.5.tgz",
      "integrity": "sha512-pJiBpiXMbt7dkzXe8Ghj/u4FfXOOa98fPW+bihOJ4SjnoijweJrNThJfd3ifXpXhREjpoF2mZVH1GfS9LV3kHQ=="
    },
    "neo-async": {
      "version": "2.6.2",
      "resolved": "https://registry.npmjs.org/neo-async/-/neo-async-2.6.2.tgz",
      "integrity": "sha512-Yd3UES5mWCSqR+qNT93S3UoYUkqAZ9lLg8a7g9rimsWmYGK8cVToA4/sF3RrshdyV3sAGMXVUmpMYOw+dLpOuw=="
    },
    "sass-loader": {
      "version": "13.0.2",
      "resolved": "https://registry.npmjs.org/sass-loader/-/sass-loader-13.0.2.tgz",
      "integrity": "sha512-BbiqbVmbfJaWVeOOAu2o7DhYWtcNmTfvroVgFXa6k2hHheMxNAeDHLNoDy/Q5aoaVlz0LH+MbMktKwm9vN/j8Q==",
      "requires": {
        "klona": "^2.0.4",
        "neo-async": "^2.6.2"
      }
    },
    "vue-demi": {
      "version": "0.13.11",
      "resolved": "https://registry.npmjs.org/vue-demi/-/vue-demi-0.13.11.tgz",
      "integrity": "sha512-IR8HoEEGM65YY3ZJYAjMlKygDQn25D5ajNFNoKh9RSDMQtlzCxtfQjdQgv9jjK+m3377SsJXY8ysq8kLCZL25A=="
    }
  }
}
